
Microsoft Visual Studio Solution File, Format Version 12.00
# Visual Studio 15
VisualStudioVersion = 15.0.28307.1525
MinimumVisualStudioVersion = 10.0.40219.1
Project("{FAE04EC0-301F-11D3-BF4B-00C04F79EFBC}") = "Web_TAN", "Web_TAN\Web_TAN.csproj", "{7018D88B-ECB8-4120-93F5-E746C80C6D1C}"
EndProject
Global
	GlobalSection(SolutionConfigurationPlatforms) = preSolution
		Debug|Any CPU = Debug|Any CPU
		Release|Any CPU = Release|Any CPU
	EndGlobalSection
	GlobalSection(ProjectConfigurationPlatforms) = postSolution
		{7018D88B-ECB8-4120-93F5-E746C80C6D1C}.Debug|Any CPU.ActiveCfg = Debug|Any CPU
		{7018D88B-ECB8-4120-93F5-E746C80C6D1C}.Debug|Any CPU.Build.0 = Debug|Any CPU
		{7018D88B-ECB8-4120-93F5-E746C80C6D1C}.Release|Any CPU.ActiveCfg = Release|Any CPU
		{7018D88B-ECB8-4120-93F5-E746C80C6D1C}.Release|Any CPU.Build.0 = Release|Any CPU
	EndGlobalSection
	GlobalSection(SolutionProperties) = preSolution
		HideSolutionNode = FALSE
	EndGlobalSection
	GlobalSection(ExtensibilityGlobals) = postSolution
		SolutionGuid = {40FC8266-6DEA-4CAF-BC8E-9D051F4E3D34}
	EndGlobalSection
EndGlobal
