
Microsoft Visual Studio Solution File, Format Version 12.00
# Visual Studio 15
VisualStudioVersion = 15.0.28307.1525
MinimumVisualStudioVersion = 10.0.40219.1
Project("{FAE04EC0-301F-11D3-BF4B-00C04F79EFBC}") = "testing", "testing\testing.csproj", "{B5017CF7-FC7E-43FD-9B2B-1E831B8EDCF8}"
EndProject
Global
	GlobalSection(SolutionConfigurationPlatforms) = preSolution
		Debug|Any CPU = Debug|Any CPU
		Release|Any CPU = Release|Any CPU
	EndGlobalSection
	GlobalSection(ProjectConfigurationPlatforms) = postSolution
		{B5017CF7-FC7E-43FD-9B2B-1E831B8EDCF8}.Debug|Any CPU.ActiveCfg = Debug|Any CPU
		{B5017CF7-FC7E-43FD-9B2B-1E831B8EDCF8}.Debug|Any CPU.Build.0 = Debug|Any CPU
		{B5017CF7-FC7E-43FD-9B2B-1E831B8EDCF8}.Release|Any CPU.ActiveCfg = Release|Any CPU
		{B5017CF7-FC7E-43FD-9B2B-1E831B8EDCF8}.Release|Any CPU.Build.0 = Release|Any CPU
	EndGlobalSection
	GlobalSection(SolutionProperties) = preSolution
		HideSolutionNode = FALSE
	EndGlobalSection
	GlobalSection(ExtensibilityGlobals) = postSolution
		SolutionGuid = {F74A9AA1-5854-46EE-88C4-1BE54A03C71B}
	EndGlobalSection
EndGlobal
